// !$*UTF8*$!
{
	archiveVersion = 1;
	classes = {
	};
	objectVersion = 55;
	objects = {

/* Begin PBXBuildFile section */
		F066773D28F1C16300B4B398 /* AppDelegate.swift in Sources */ = {isa = PBXBuildFile; fileRef = F066773C28F1C16300B4B398 /* AppDelegate.swift */; };
		F066773F28F1C16300B4B398 /* SceneDelegate.swift in Sources */ = {isa = PBXBuildFile; fileRef = F066773E28F1C16300B4B398 /* SceneDelegate.swift */; };
		F066774128F1C16300B4B398 /* ViewController.swift in Sources */ = {isa = PBXBuildFile; fileRef = F066774028F1C16300B4B398 /* ViewController.swift */; };
		F066774628F1C16400B4B398 /* Assets.xcassets in Resources */ = {isa = PBXBuildFile; fileRef = F066774528F1C16400B4B398 /* Assets.xcassets */; };
		F066774928F1C16400B4B398 /* LaunchScreen.storyboard in Resources */ = {isa = PBXBuildFile; fileRef = F066774728F1C16400B4B398 /* LaunchScreen.storyboard */; };
		F066775428F1C16500B4B398 /* SeriesGalleryTests.swift in Sources */ = {isa = PBXBuildFile; fileRef = F066775328F1C16500B4B398 /* SeriesGalleryTests.swift */; };
		F066775E28F1C16500B4B398 /* SeriesGalleryUITests.swift in Sources */ = {isa = PBXBuildFile; fileRef = F066775D28F1C16500B4B398 /* SeriesGalleryUITests.swift */; };
		F066776028F1C16500B4B398 /* SeriesGalleryUITestsLaunchTests.swift in Sources */ = {isa = PBXBuildFile; fileRef = F066775F28F1C16500B4B398 /* SeriesGalleryUITestsLaunchTests.swift */; };
		F066776E28F1C65D00B4B398 /* SeriesListCoordinator.swift in Sources */ = {isa = PBXBuildFile; fileRef = F066776D28F1C65D00B4B398 /* SeriesListCoordinator.swift */; };
		F066777028F1C6F700B4B398 /* Coordinator.swift in Sources */ = {isa = PBXBuildFile; fileRef = F066776F28F1C6F700B4B398 /* Coordinator.swift */; };
/* End PBXBuildFile section */

/* Begin PBXContainerItemProxy section */
		F066775028F1C16500B4B398 /* PBXContainerItemProxy */ = {
			isa = PBXContainerItemProxy;
			containerPortal = F066773128F1C16300B4B398 /* Project object */;
			proxyType = 1;
			remoteGlobalIDString = F066773828F1C16300B4B398;
			remoteInfo = SeriesGallery;
		};
		F066775A28F1C16500B4B398 /* PBXContainerItemProxy */ = {
			isa = PBXContainerItemProxy;
			containerPortal = F066773128F1C16300B4B398 /* Project object */;
			proxyType = 1;
			remoteGlobalIDString = F066773828F1C16300B4B398;
			remoteInfo = SeriesGallery;
		};
/* End PBXContainerItemProxy section */

/* Begin PBXFileReference section */
		F066773928F1C16300B4B398 /* SeriesGallery.app */ = {isa = PBXFileReference; explicitFileType = wrapper.application; includeInIndex = 0; path = SeriesGallery.app; sourceTree = BUILT_PRODUCTS_DIR; };
		F066773C28F1C16300B4B398 /* AppDelegate.swift */ = {isa = PBXFileReference; lastKnownFileType = sourcecode.swift; path = AppDelegate.swift; sourceTree = "<group>"; };
		F066773E28F1C16300B4B398 /* SceneDelegate.swift */ = {isa = PBXFileReference; lastKnownFileType = sourcecode.swift; path = SceneDelegate.swift; sourceTree = "<group>"; };
		F066774028F1C16300B4B398 /* ViewController.swift */ = {isa = PBXFileReference; lastKnownFileType = sourcecode.swift; path = ViewController.swift; sourceTree = "<group>"; };
		F066774528F1C16400B4B398 /* Assets.xcassets */ = {isa = PBXFileReference; lastKnownFileType = folder.assetcatalog; path = Assets.xcassets; sourceTree = "<group>"; };
		F066774828F1C16400B4B398 /* Base */ = {isa = PBXFileReference; lastKnownFileType = file.storyboard; name = Base; path = Base.lproj/LaunchScreen.storyboard; sourceTree = "<group>"; };
		F066774A28F1C16500B4B398 /* Info.plist */ = {isa = PBXFileReference; lastKnownFileType = text.plist.xml; path = Info.plist; sourceTree = "<group>"; };
		F066774F28F1C16500B4B398 /* SeriesGalleryTests.xctest */ = {isa = PBXFileReference; explicitFileType = wrapper.cfbundle; includeInIndex = 0; path = SeriesGalleryTests.xctest; sourceTree = BUILT_PRODUCTS_DIR; };
		F066775328F1C16500B4B398 /* SeriesGalleryTests.swift */ = {isa = PBXFileReference; lastKnownFileType = sourcecode.swift; path = SeriesGalleryTests.swift; sourceTree = "<group>"; };
		F066775928F1C16500B4B398 /* SeriesGalleryUITests.xctest */ = {isa = PBXFileReference; explicitFileType = wrapper.cfbundle; includeInIndex = 0; path = SeriesGalleryUITests.xctest; sourceTree = BUILT_PRODUCTS_DIR; };
		F066775D28F1C16500B4B398 /* SeriesGalleryUITests.swift */ = {isa = PBXFileReference; lastKnownFileType = sourcecode.swift; path = SeriesGalleryUITests.swift; sourceTree = "<group>"; };
		F066775F28F1C16500B4B398 /* SeriesGalleryUITestsLaunchTests.swift */ = {isa = PBXFileReference; lastKnownFileType = sourcecode.swift; path = SeriesGalleryUITestsLaunchTests.swift; sourceTree = "<group>"; };
		F066776D28F1C65D00B4B398 /* SeriesListCoordinator.swift */ = {isa = PBXFileReference; lastKnownFileType = sourcecode.swift; path = SeriesListCoordinator.swift; sourceTree = "<group>"; };
		F066776F28F1C6F700B4B398 /* Coordinator.swift */ = {isa = PBXFileReference; lastKnownFileType = sourcecode.swift; path = Coordinator.swift; sourceTree = "<group>"; };
/* End PBXFileReference section */

/* Begin PBXFrameworksBuildPhase section */
		F066773628F1C16300B4B398 /* Frameworks */ = {
			isa = PBXFrameworksBuildPhase;
			buildActionMask = 2147483647;
			files = (
			);
			runOnlyForDeploymentPostprocessing = 0;
		};
		F066774C28F1C16500B4B398 /* Frameworks */ = {
			isa = PBXFrameworksBuildPhase;
			buildActionMask = 2147483647;
			files = (
			);
			runOnlyForDeploymentPostprocessing = 0;
		};
		F066775628F1C16500B4B398 /* Frameworks */ = {
			isa = PBXFrameworksBuildPhase;
			buildActionMask = 2147483647;
			files = (
			);
			runOnlyForDeploymentPostprocessing = 0;
		};
/* End PBXFrameworksBuildPhase section */

/* Begin PBXGroup section */
		F066773028F1C16300B4B398 = {
			isa = PBXGroup;
			children = (
				F066773B28F1C16300B4B398 /* SeriesGallery */,
				F066775228F1C16500B4B398 /* SeriesGalleryTests */,
				F066775C28F1C16500B4B398 /* SeriesGalleryUITests */,
				F066773A28F1C16300B4B398 /* Products */,
			);
			sourceTree = "<group>";
		};
		F066773A28F1C16300B4B398 /* Products */ = {
			isa = PBXGroup;
			children = (
				F066773928F1C16300B4B398 /* SeriesGallery.app */,
				F066774F28F1C16500B4B398 /* SeriesGalleryTests.xctest */,
				F066775928F1C16500B4B398 /* SeriesGalleryUITests.xctest */,
			);
			name = Products;
			sourceTree = "<group>";
		};
		F066773B28F1C16300B4B398 /* SeriesGallery */ = {
			isa = PBXGroup;
			children = (
				F066776C28F1C63400B4B398 /* Coordinators */,
				F066773C28F1C16300B4B398 /* AppDelegate.swift */,
				F066773E28F1C16300B4B398 /* SceneDelegate.swift */,
				F066774028F1C16300B4B398 /* ViewController.swift */,
				F066774528F1C16400B4B398 /* Assets.xcassets */,
				F066774728F1C16400B4B398 /* LaunchScreen.storyboard */,
				F066774A28F1C16500B4B398 /* Info.plist */,
			);
			path = SeriesGallery;
			sourceTree = "<group>";
		};
		F066775228F1C16500B4B398 /* SeriesGalleryTests */ = {
			isa = PBXGroup;
			children = (
				F066775328F1C16500B4B398 /* SeriesGalleryTests.swift */,
			);
			path = SeriesGalleryTests;
			sourceTree = "<group>";
		};
		F066775C28F1C16500B4B398 /* SeriesGalleryUITests */ = {
			isa = PBXGroup;
			children = (
				F066775D28F1C16500B4B398 /* SeriesGalleryUITests.swift */,
				F066775F28F1C16500B4B398 /* SeriesGalleryUITestsLaunchTests.swift */,
			);
			path = SeriesGalleryUITests;
			sourceTree = "<group>";
		};
		F066776C28F1C63400B4B398 /* Coordinators */ = {
			isa = PBXGroup;
			children = (
				F066776D28F1C65D00B4B398 /* SeriesListCoordinator.swift */,
				F066776F28F1C6F700B4B398 /* Coordinator.swift */,
			);
			path = Coordinators;
			sourceTree = "<group>";
		};
/* End PBXGroup section */

/* Begin PBXNativeTarget section */
		F066773828F1C16300B4B398 /* SeriesGallery */ = {
			isa = PBXNativeTarget;
			buildConfigurationList = F066776328F1C16500B4B398 /* Build configuration list for PBXNativeTarget "SeriesGallery" */;
			buildPhases = (
				F066773528F1C16300B4B398 /* Sources */,
				F066773628F1C16300B4B398 /* Frameworks */,
				F066773728F1C16300B4B398 /* Resources */,
			);
			buildRules = (
			);
			dependencies = (
			);
			name = SeriesGallery;
			productName = SeriesGallery;
			productReference = F066773928F1C16300B4B398 /* SeriesGallery.app */;
			productType = "com.apple.product-type.application";
		};
		F066774E28F1C16500B4B398 /* SeriesGalleryTests */ = {
			isa = PBXNativeTarget;
			buildConfigurationList = F066776628F1C16500B4B398 /* Build configuration list for PBXNativeTarget "SeriesGalleryTests" */;
			buildPhases = (
				F066774B28F1C16500B4B398 /* Sources */,
				F066774C28F1C16500B4B398 /* Frameworks */,
				F066774D28F1C16500B4B398 /* Resources */,
			);
			buildRules = (
			);
			dependencies = (
				F066775128F1C16500B4B398 /* PBXTargetDependency */,
			);
			name = SeriesGalleryTests;
			productName = SeriesGalleryTests;
			productReference = F066774F28F1C16500B4B398 /* SeriesGalleryTests.xctest */;
			productType = "com.apple.product-type.bundle.unit-test";
		};
		F066775828F1C16500B4B398 /* SeriesGalleryUITests */ = {
			isa = PBXNativeTarget;
			buildConfigurationList = F066776928F1C16500B4B398 /* Build configuration list for PBXNativeTarget "SeriesGalleryUITests" */;
			buildPhases = (
				F066775528F1C16500B4B398 /* Sources */,
				F066775628F1C16500B4B398 /* Frameworks */,
				F066775728F1C16500B4B398 /* Resources */,
			);
			buildRules = (
			);
			dependencies = (
				F066775B28F1C16500B4B398 /* PBXTargetDependency */,
			);
			name = SeriesGalleryUITests;
			productName = SeriesGalleryUITests;
			productReference = F066775928F1C16500B4B398 /* SeriesGalleryUITests.xctest */;
			productType = "com.apple.product-type.bundle.ui-testing";
		};
/* End PBXNativeTarget section */

/* Begin PBXProject section */
		F066773128F1C16300B4B398 /* Project object */ = {
			isa = PBXProject;
			attributes = {
				BuildIndependentTargetsInParallel = 1;
				LastSwiftUpdateCheck = 1340;
				LastUpgradeCheck = 1340;
				TargetAttributes = {
					F066773828F1C16300B4B398 = {
						CreatedOnToolsVersion = 13.4;
					};
					F066774E28F1C16500B4B398 = {
						CreatedOnToolsVersion = 13.4;
						TestTargetID = F066773828F1C16300B4B398;
					};
					F066775828F1C16500B4B398 = {
						CreatedOnToolsVersion = 13.4;
						TestTargetID = F066773828F1C16300B4B398;
					};
				};
			};
			buildConfigurationList = F066773428F1C16300B4B398 /* Build configuration list for PBXProject "SeriesGallery" */;
			compatibilityVersion = "Xcode 13.0";
			developmentRegion = en;
			hasScannedForEncodings = 0;
			knownRegions = (
				en,
				Base,
			);
			mainGroup = F066773028F1C16300B4B398;
			productRefGroup = F066773A28F1C16300B4B398 /* Products */;
			projectDirPath = "";
			projectRoot = "";
			targets = (
				F066773828F1C16300B4B398 /* SeriesGallery */,
				F066774E28F1C16500B4B398 /* SeriesGalleryTests */,
				F066775828F1C16500B4B398 /* SeriesGalleryUITests */,
			);
		};
/* End PBXProject section */

/* Begin PBXResourcesBuildPhase section */
		F066773728F1C16300B4B398 /* Resources */ = {
			isa = PBXResourcesBuildPhase;
			buildActionMask = 2147483647;
			files = (
				F066774928F1C16400B4B398 /* LaunchScreen.storyboard in Resources */,
				F066774628F1C16400B4B398 /* Assets.xcassets in Resources */,
			);
			runOnlyForDeploymentPostprocessing = 0;
		};
		F066774D28F1C16500B4B398 /* Resources */ = {
			isa = PBXResourcesBuildPhase;
			buildActionMask = 2147483647;
			files = (
			);
			runOnlyForDeploymentPostprocessing = 0;
		};
		F066775728F1C16500B4B398 /* Resources */ = {
			isa = PBXResourcesBuildPhase;
			buildActionMask = 2147483647;
			files = (
			);
			runOnlyForDeploymentPostprocessing = 0;
		};
/* End PBXResourcesBuildPhase section */

/* Begin PBXSourcesBuildPhase section */
		F066773528F1C16300B4B398 /* Sources */ = {
			isa = PBXSourcesBuildPhase;
			buildActionMask = 2147483647;
			files = (
				F066774128F1C16300B4B398 /* ViewController.swift in Sources */,
				F066776E28F1C65D00B4B398 /* SeriesListCoordinator.swift in Sources */,
				F066777028F1C6F700B4B398 /* Coordinator.swift in Sources */,
				F066773D28F1C16300B4B398 /* AppDelegate.swift in Sources */,
				F066773F28F1C16300B4B398 /* SceneDelegate.swift in Sources */,
			);
			runOnlyForDeploymentPostprocessing = 0;
		};
		F066774B28F1C16500B4B398 /* Sources */ = {
			isa = PBXSourcesBuildPhase;
			buildActionMask = 2147483647;
			files = (
				F066775428F1C16500B4B398 /* SeriesGalleryTests.swift in Sources */,
			);
			runOnlyForDeploymentPostprocessing = 0;
		};
		F066775528F1C16500B4B398 /* Sources */ = {
			isa = PBXSourcesBuildPhase;
			buildActionMask = 2147483647;
			files = (
				F066776028F1C16500B4B398 /* SeriesGalleryUITestsLaunchTests.swift in Sources */,
				F066775E28F1C16500B4B398 /* SeriesGalleryUITests.swift in Sources */,
			);
			runOnlyForDeploymentPostprocessing = 0;
		};
/* End PBXSourcesBuildPhase section */

/* Begin PBXTargetDependency section */
		F066775128F1C16500B4B398 /* PBXTargetDependency */ = {
			isa = PBXTargetDependency;
			target = F066773828F1C16300B4B398 /* SeriesGallery */;
			targetProxy = F066775028F1C16500B4B398 /* PBXContainerItemProxy */;
		};
		F066775B28F1C16500B4B398 /* PBXTargetDependency */ = {
			isa = PBXTargetDependency;
			target = F066773828F1C16300B4B398 /* SeriesGallery */;
			targetProxy = F066775A28F1C16500B4B398 /* PBXContainerItemProxy */;
		};
/* End PBXTargetDependency section */

/* Begin PBXVariantGroup section */
		F066774728F1C16400B4B398 /* LaunchScreen.storyboard */ = {
			isa = PBXVariantGroup;
			children = (
				F066774828F1C16400B4B398 /* Base */,
			);
			name = LaunchScreen.storyboard;
			sourceTree = "<group>";
		};
/* End PBXVariantGroup section */

/* Begin XCBuildConfiguration section */
		F066776128F1C16500B4B398 /* Debug */ = {
			isa = XCBuildConfiguration;
			buildSettings = {
				ALWAYS_SEARCH_USER_PATHS = NO;
				CLANG_ANALYZER_NONNULL = YES;
				CLANG_ANALYZER_NUMBER_OBJECT_CONVERSION = YES_AGGRESSIVE;
				CLANG_CXX_LANGUAGE_STANDARD = "gnu++17";
				CLANG_ENABLE_MODULES = YES;
				CLANG_ENABLE_OBJC_ARC = YES;
				CLANG_ENABLE_OBJC_WEAK = YES;
				CLANG_WARN_BLOCK_CAPTURE_AUTORELEASING = YES;
				CLANG_WARN_BOOL_CONVERSION = YES;
				CLANG_WARN_COMMA = YES;
				CLANG_WARN_CONSTANT_CONVERSION = YES;
				CLANG_WARN_DEPRECATED_OBJC_IMPLEMENTATIONS = YES;
				CLANG_WARN_DIRECT_OBJC_ISA_USAGE = YES_ERROR;
				CLANG_WARN_DOCUMENTATION_COMMENTS = YES;
				CLANG_WARN_EMPTY_BODY = YES;
				CLANG_WARN_ENUM_CONVERSION = YES;
				CLANG_WARN_INFINITE_RECURSION = YES;
				CLANG_WARN_INT_CONVERSION = YES;
				CLANG_WARN_NON_LITERAL_NULL_CONVERSION = YES;
				CLANG_WARN_OBJC_IMPLICIT_RETAIN_SELF = YES;
				CLANG_WARN_OBJC_LITERAL_CONVERSION = YES;
				CLANG_WARN_OBJC_ROOT_CLASS = YES_ERROR;
				CLANG_WARN_QUOTED_INCLUDE_IN_FRAMEWORK_HEADER = YES;
				CLANG_WARN_RANGE_LOOP_ANALYSIS = YES;
				CLANG_WARN_STRICT_PROTOTYPES = YES;
				CLANG_WARN_SUSPICIOUS_MOVE = YES;
				CLANG_WARN_UNGUARDED_AVAILABILITY = YES_AGGRESSIVE;
				CLANG_WARN_UNREACHABLE_CODE = YES;
				CLANG_WARN__DUPLICATE_METHOD_MATCH = YES;
				COPY_PHASE_STRIP = NO;
				DEBUG_INFORMATION_FORMAT = dwarf;
				ENABLE_STRICT_OBJC_MSGSEND = YES;
				ENABLE_TESTABILITY = YES;
				GCC_C_LANGUAGE_STANDARD = gnu11;
				GCC_DYNAMIC_NO_PIC = NO;
				GCC_NO_COMMON_BLOCKS = YES;
				GCC_OPTIMIZATION_LEVEL = 0;
				GCC_PREPROCESSOR_DEFINITIONS = (
					"DEBUG=1",
					"$(inherited)",
				);
				GCC_WARN_64_TO_32_BIT_CONVERSION = YES;
				GCC_WARN_ABOUT_RETURN_TYPE = YES_ERROR;
				GCC_WARN_UNDECLARED_SELECTOR = YES;
				GCC_WARN_UNINITIALIZED_AUTOS = YES_AGGRESSIVE;
				GCC_WARN_UNUSED_FUNCTION = YES;
				GCC_WARN_UNUSED_VARIABLE = YES;
				IPHONEOS_DEPLOYMENT_TARGET = 15.5;
				MTL_ENABLE_DEBUG_INFO = INCLUDE_SOURCE;
				MTL_FAST_MATH = YES;
				ONLY_ACTIVE_ARCH = YES;
				SDKROOT = iphoneos;
				SWIFT_ACTIVE_COMPILATION_CONDITIONS = DEBUG;
				SWIFT_OPTIMIZATION_LEVEL = "-Onone";
			};
			name = Debug;
		};
		F066776228F1C16500B4B398 /* Release */ = {
			isa = XCBuildConfiguration;
			buildSettings = {
				ALWAYS_SEARCH_USER_PATHS = NO;
				CLANG_ANALYZER_NONNULL = YES;
				CLANG_ANALYZER_NUMBER_OBJECT_CONVERSION = YES_AGGRESSIVE;
				CLANG_CXX_LANGUAGE_STANDARD = "gnu++17";
				CLANG_ENABLE_MODULES = YES;
				CLANG_ENABLE_OBJC_ARC = YES;
				CLANG_ENABLE_OBJC_WEAK = YES;
				CLANG_WARN_BLOCK_CAPTURE_AUTORELEASING = YES;
				CLANG_WARN_BOOL_CONVERSION = YES;
				CLANG_WARN_COMMA = YES;
				CLANG_WARN_CONSTANT_CONVERSION = YES;
				CLANG_WARN_DEPRECATED_OBJC_IMPLEMENTATIONS = YES;
				CLANG_WARN_DIRECT_OBJC_ISA_USAGE = YES_ERROR;
				CLANG_WARN_DOCUMENTATION_COMMENTS = YES;
				CLANG_WARN_EMPTY_BODY = YES;
				CLANG_WARN_ENUM_CONVERSION = YES;
				CLANG_WARN_INFINITE_RECURSION = YES;
				CLANG_WARN_INT_CONVERSION = YES;
				CLANG_WARN_NON_LITERAL_NULL_CONVERSION = YES;
				CLANG_WARN_OBJC_IMPLICIT_RETAIN_SELF = YES;
				CLANG_WARN_OBJC_LITERAL_CONVERSION = YES;
				CLANG_WARN_OBJC_ROOT_CLASS = YES_ERROR;
				CLANG_WARN_QUOTED_INCLUDE_IN_FRAMEWORK_HEADER = YES;
				CLANG_WARN_RANGE_LOOP_ANALYSIS = YES;
				CLANG_WARN_STRICT_PROTOTYPES = YES;
				CLANG_WARN_SUSPICIOUS_MOVE = YES;
				CLANG_WARN_UNGUARDED_AVAILABILITY = YES_AGGRESSIVE;
				CLANG_WARN_UNREACHABLE_CODE = YES;
				CLANG_WARN__DUPLICATE_METHOD_MATCH = YES;
				COPY_PHASE_STRIP = NO;
				DEBUG_INFORMATION_FORMAT = "dwarf-with-dsym";
				ENABLE_NS_ASSERTIONS = NO;
				ENABLE_STRICT_OBJC_MSGSEND = YES;
				GCC_C_LANGUAGE_STANDARD = gnu11;
				GCC_NO_COMMON_BLOCKS = YES;
				GCC_WARN_64_TO_32_BIT_CONVERSION = YES;
				GCC_WARN_ABOUT_RETURN_TYPE = YES_ERROR;
				GCC_WARN_UNDECLARED_SELECTOR = YES;
				GCC_WARN_UNINITIALIZED_AUTOS = YES_AGGRESSIVE;
				GCC_WARN_UNUSED_FUNCTION = YES;
				GCC_WARN_UNUSED_VARIABLE = YES;
				IPHONEOS_DEPLOYMENT_TARGET = 15.5;
				MTL_ENABLE_DEBUG_INFO = NO;
				MTL_FAST_MATH = YES;
				SDKROOT = iphoneos;
				SWIFT_COMPILATION_MODE = wholemodule;
				SWIFT_OPTIMIZATION_LEVEL = "-O";
				VALIDATE_PRODUCT = YES;
			};
			name = Release;
		};
		F066776428F1C16500B4B398 /* Debug */ = {
			isa = XCBuildConfiguration;
			buildSettings = {
				ASSETCATALOG_COMPILER_APPICON_NAME = AppIcon;
				ASSETCATALOG_COMPILER_GLOBAL_ACCENT_COLOR_NAME = AccentColor;
				CODE_SIGN_STYLE = Automatic;
				CURRENT_PROJECT_VERSION = 1;
				GENERATE_INFOPLIST_FILE = YES;
				INFOPLIST_FILE = SeriesGallery/Info.plist;
				INFOPLIST_KEY_UIApplicationSupportsIndirectInputEvents = YES;
				INFOPLIST_KEY_UILaunchStoryboardName = LaunchScreen;
				INFOPLIST_KEY_UISupportedInterfaceOrientations_iPad = "UIInterfaceOrientationPortrait UIInterfaceOrientationPortraitUpsideDown UIInterfaceOrientationLandscapeLeft UIInterfaceOrientationLandscapeRight";
				INFOPLIST_KEY_UISupportedInterfaceOrientations_iPhone = "UIInterfaceOrientationPortrait UIInterfaceOrientationLandscapeLeft UIInterfaceOrientationLandscapeRight";
				LD_RUNPATH_SEARCH_PATHS = (
					"$(inherited)",
					"@executable_path/Frameworks",
				);
				MARKETING_VERSION = 1.0;
				PRODUCT_BUNDLE_IDENTIFIER = jullynobre.SeriesGallery;
				PRODUCT_NAME = "$(TARGET_NAME)";
				SWIFT_EMIT_LOC_STRINGS = YES;
				SWIFT_VERSION = 5.0;
				TARGETED_DEVICE_FAMILY = "1,2";
			};
			name = Debug;
		};
		F066776528F1C16500B4B398 /* Release */ = {
			isa = XCBuildConfiguration;
			buildSettings = {
				ASSETCATALOG_COMPILER_APPICON_NAME = AppIcon;
				ASSETCATALOG_COMPILER_GLOBAL_ACCENT_COLOR_NAME = AccentColor;
				CODE_SIGN_STYLE = Automatic;
				CURRENT_PROJECT_VERSION = 1;
				GENERATE_INFOPLIST_FILE = YES;
				INFOPLIST_FILE = SeriesGallery/Info.plist;
				INFOPLIST_KEY_UIApplicationSupportsIndirectInputEvents = YES;
				INFOPLIST_KEY_UILaunchStoryboardName = LaunchScreen;
				INFOPLIST_KEY_UISupportedInterfaceOrientations_iPad = "UIInterfaceOrientationPortrait UIInterfaceOrientationPortraitUpsideDown UIInterfaceOrientationLandscapeLeft UIInterfaceOrientationLandscapeRight";
				INFOPLIST_KEY_UISupportedInterfaceOrientations_iPhone = "UIInterfaceOrientationPortrait UIInterfaceOrientationLandscapeLeft UIInterfaceOrientationLandscapeRight";
				LD_RUNPATH_SEARCH_PATHS = (
					"$(inherited)",
					"@executable_path/Frameworks",
				);
				MARKETING_VERSION = 1.0;
				PRODUCT_BUNDLE_IDENTIFIER = jullynobre.SeriesGallery;
				PRODUCT_NAME = "$(TARGET_NAME)";
				SWIFT_EMIT_LOC_STRINGS = YES;
				SWIFT_VERSION = 5.0;
				TARGETED_DEVICE_FAMILY = "1,2";
			};
			name = Release;
		};
		F066776728F1C16500B4B398 /* Debug */ = {
			isa = XCBuildConfiguration;
			buildSettings = {
				ALWAYS_EMBED_SWIFT_STANDARD_LIBRARIES = YES;
				BUNDLE_LOADER = "$(TEST_HOST)";
				CODE_SIGN_STYLE = Automatic;
				CURRENT_PROJECT_VERSION = 1;
				GENERATE_INFOPLIST_FILE = YES;
				IPHONEOS_DEPLOYMENT_TARGET = 15.5;
				MARKETING_VERSION = 1.0;
				PRODUCT_BUNDLE_IDENTIFIER = jullynobre.SeriesGalleryTests;
				PRODUCT_NAME = "$(TARGET_NAME)";
				SWIFT_EMIT_LOC_STRINGS = NO;
				SWIFT_VERSION = 5.0;
				TARGETED_DEVICE_FAMILY = "1,2";
				TEST_HOST = "$(BUILT_PRODUCTS_DIR)/SeriesGallery.app/SeriesGallery";
			};
			name = Debug;
		};
		F066776828F1C16500B4B398 /* Release */ = {
			isa = XCBuildConfiguration;
			buildSettings = {
				ALWAYS_EMBED_SWIFT_STANDARD_LIBRARIES = YES;
				BUNDLE_LOADER = "$(TEST_HOST)";
				CODE_SIGN_STYLE = Automatic;
				CURRENT_PROJECT_VERSION = 1;
				GENERATE_INFOPLIST_FILE = YES;
				IPHONEOS_DEPLOYMENT_TARGET = 15.5;
				MARKETING_VERSION = 1.0;
				PRODUCT_BUNDLE_IDENTIFIER = jullynobre.SeriesGalleryTests;
				PRODUCT_NAME = "$(TARGET_NAME)";
				SWIFT_EMIT_LOC_STRINGS = NO;
				SWIFT_VERSION = 5.0;
				TARGETED_DEVICE_FAMILY = "1,2";
				TEST_HOST = "$(BUILT_PRODUCTS_DIR)/SeriesGallery.app/SeriesGallery";
			};
			name = Release;
		};
		F066776A28F1C16500B4B398 /* Debug */ = {
			isa = XCBuildConfiguration;
			buildSettings = {
				ALWAYS_EMBED_SWIFT_STANDARD_LIBRARIES = YES;
				CODE_SIGN_STYLE = Automatic;
				CURRENT_PROJECT_VERSION = 1;
				GENERATE_INFOPLIST_FILE = YES;
				MARKETING_VERSION = 1.0;
				PRODUCT_BUNDLE_IDENTIFIER = jullynobre.SeriesGalleryUITests;
				PRODUCT_NAME = "$(TARGET_NAME)";
				SWIFT_EMIT_LOC_STRINGS = NO;
				SWIFT_VERSION = 5.0;
				TARGETED_DEVICE_FAMILY = "1,2";
				TEST_TARGET_NAME = SeriesGallery;
			};
			name = Debug;
		};
		F066776B28F1C16500B4B398 /* Release */ = {
			isa = XCBuildConfiguration;
			buildSettings = {
				ALWAYS_EMBED_SWIFT_STANDARD_LIBRARIES = YES;
				CODE_SIGN_STYLE = Automatic;
				CURRENT_PROJECT_VERSION = 1;
				GENERATE_INFOPLIST_FILE = YES;
				MARKETING_VERSION = 1.0;
				PRODUCT_BUNDLE_IDENTIFIER = jullynobre.SeriesGalleryUITests;
				PRODUCT_NAME = "$(TARGET_NAME)";
				SWIFT_EMIT_LOC_STRINGS = NO;
				SWIFT_VERSION = 5.0;
				TARGETED_DEVICE_FAMILY = "1,2";
				TEST_TARGET_NAME = SeriesGallery;
			};
			name = Release;
		};
/* End XCBuildConfiguration section */

/* Begin XCConfigurationList section */
		F066773428F1C16300B4B398 /* Build configuration list for PBXProject "SeriesGallery" */ = {
			isa = XCConfigurationList;
			buildConfigurations = (
				F066776128F1C16500B4B398 /* Debug */,
				F066776228F1C16500B4B398 /* Release */,
			);
			defaultConfigurationIsVisible = 0;
			defaultConfigurationName = Release;
		};
		F066776328F1C16500B4B398 /* Build configuration list for PBXNativeTarget "SeriesGallery" */ = {
			isa = XCConfigurationList;
			buildConfigurations = (
				F066776428F1C16500B4B398 /* Debug */,
				F066776528F1C16500B4B398 /* Release */,
			);
			defaultConfigurationIsVisible = 0;
			defaultConfigurationName = Release;
		};
		F066776628F1C16500B4B398 /* Build configuration list for PBXNativeTarget "SeriesGalleryTests" */ = {
			isa = XCConfigurationList;
			buildConfigurations = (
				F066776728F1C16500B4B398 /* Debug */,
				F066776828F1C16500B4B398 /* Release */,
			);
			defaultConfigurationIsVisible = 0;
			defaultConfigurationName = Release;
		};
		F066776928F1C16500B4B398 /* Build configuration list for PBXNativeTarget "SeriesGalleryUITests" */ = {
			isa = XCConfigurationList;
			buildConfigurations = (
				F066776A28F1C16500B4B398 /* Debug */,
				F066776B28F1C16500B4B398 /* Release */,
			);
			defaultConfigurationIsVisible = 0;
			defaultConfigurationName = Release;
		};
/* End XCConfigurationList section */
	};
	rootObject = F066773128F1C16300B4B398 /* Project object */;
}
